
Microsoft Visual Studio Solution File, Format Version 12.00
# Visual Studio 2013
VisualStudioVersion = 12.0.30723.0
MinimumVisualStudioVersion = 10.0.40219.1
Project("{8BC9CEB8-8B4A-11D0-8D11-00A0C91BC942}") = "xTunnel", "xTunnel\xTunnel.vcxproj", "{2A86233A-2C77-418E-B57E-3478AE050C29}"
	ProjectSection(ProjectDependencies) = postProject
		{00F808ED-5EA0-4250-BB39-A4C7F7DFDF15} = {00F808ED-5EA0-4250-BB39-A4C7F7DFDF15}
	EndProjectSection
EndProject
Project("{8BC9CEB8-8B4A-11D0-8D11-00A0C91BC942}") = "libtun", "libtun\libtun.vcxproj", "{00F808ED-5EA0-4250-BB39-A4C7F7DFDF15}"
EndProject
Global
	GlobalSection(SolutionConfigurationPlatforms) = preSolution
		Debug|Win32 = Debug|Win32
		Release|Win32 = Release|Win32
	EndGlobalSection
	GlobalSection(ProjectConfigurationPlatforms) = postSolution
		{2A86233A-2C77-418E-B57E-3478AE050C29}.Debug|Win32.ActiveCfg = Debug|Win32
		{2A86233A-2C77-418E-B57E-3478AE050C29}.Debug|Win32.Build.0 = Debug|Win32
		{2A86233A-2C77-418E-B57E-3478AE050C29}.Release|Win32.ActiveCfg = Release|Win32
		{2A86233A-2C77-418E-B57E-3478AE050C29}.Release|Win32.Build.0 = Release|Win32
		{00F808ED-5EA0-4250-BB39-A4C7F7DFDF15}.Debug|Win32.ActiveCfg = Debug|Win32
		{00F808ED-5EA0-4250-BB39-A4C7F7DFDF15}.Debug|Win32.Build.0 = Debug|Win32
		{00F808ED-5EA0-4250-BB39-A4C7F7DFDF15}.Release|Win32.ActiveCfg = Release|Win32
		{00F808ED-5EA0-4250-BB39-A4C7F7DFDF15}.Release|Win32.Build.0 = Release|Win32
	EndGlobalSection
	GlobalSection(SolutionProperties) = preSolution
		HideSolutionNode = FALSE
	EndGlobalSection
EndGlobal
